
Microsoft Visual Studio Solution File, Format Version 12.00
# Visual Studio Version 17
VisualStudioVersion = 17.10.35013.160
MinimumVisualStudioVersion = 10.0.40219.1
Project("{FAE04EC0-301F-11D3-BF4B-00C04F79EFBC}") = "QUESTIONPAPER_QUIZ", "QUESTIONPAPER_QUIZ\QUESTIONPAPER_QUIZ.csproj", "{86727BB0-6C1A-4883-AFC4-4AC9193DD570}"
EndProject
Global
	GlobalSection(SolutionConfigurationPlatforms) = preSolution
		Debug|Any CPU = Debug|Any CPU
		Release|Any CPU = Release|Any CPU
	EndGlobalSection
	GlobalSection(ProjectConfigurationPlatforms) = postSolution
		{86727BB0-6C1A-4883-AFC4-4AC9193DD570}.Debug|Any CPU.ActiveCfg = Debug|Any CPU
		{86727BB0-6C1A-4883-AFC4-4AC9193DD570}.Debug|Any CPU.Build.0 = Debug|Any CPU
		{86727BB0-6C1A-4883-AFC4-4AC9193DD570}.Release|Any CPU.ActiveCfg = Release|Any CPU
		{86727BB0-6C1A-4883-AFC4-4AC9193DD570}.Release|Any CPU.Build.0 = Release|Any CPU
	EndGlobalSection
	GlobalSection(SolutionProperties) = preSolution
		HideSolutionNode = FALSE
	EndGlobalSection
	GlobalSection(ExtensibilityGlobals) = postSolution
		SolutionGuid = {09DE3D36-6D18-4A20-AB23-81D48A334196}
	EndGlobalSection
EndGlobal
